// !$*UTF8*$!
{
	archiveVersion = 1;
	classes = {
	};
	objectVersion = 56;
	objects = {

/* Begin PBXBuildFile section */
		0649A55129143390009DF357 /* LearnDebuggingApp.swift in Sources */ = {isa = PBXBuildFile; fileRef = 0649A55029143390009DF357 /* LearnDebuggingApp.swift */; };
		0649A55329143390009DF357 /* ContentView.swift in Sources */ = {isa = PBXBuildFile; fileRef = 0649A55229143390009DF357 /* ContentView.swift */; };
		0649A55529143392009DF357 /* Assets.xcassets in Resources */ = {isa = PBXBuildFile; fileRef = 0649A55429143392009DF357 /* Assets.xcassets */; };
		0649A55829143392009DF357 /* Preview Assets.xcassets in Resources */ = {isa = PBXBuildFile; fileRef = 0649A55729143392009DF357 /* Preview Assets.xcassets */; };
		0649A56229143392009DF357 /* LearnDebuggingTests.swift in Sources */ = {isa = PBXBuildFile; fileRef = 0649A56129143392009DF357 /* LearnDebuggingTests.swift */; };
		0649A56C29143392009DF357 /* LearnDebuggingUITests.swift in Sources */ = {isa = PBXBuildFile; fileRef = 0649A56B29143392009DF357 /* LearnDebuggingUITests.swift */; };
		0649A56E29143392009DF357 /* LearnDebuggingUITestsLaunchTests.swift in Sources */ = {isa = PBXBuildFile; fileRef = 0649A56D29143392009DF357 /* LearnDebuggingUITestsLaunchTests.swift */; };
/* End PBXBuildFile section */

/* Begin PBXContainerItemProxy section */
		0649A55E29143392009DF357 /* PBXContainerItemProxy */ = {
			isa = PBXContainerItemProxy;
			containerPortal = 0649A54529143390009DF357 /* Project object */;
			proxyType = 1;
			remoteGlobalIDString = 0649A54C29143390009DF357;
			remoteInfo = LearnDebugging;
		};
		0649A56829143392009DF357 /* PBXContainerItemProxy */ = {
			isa = PBXContainerItemProxy;
			containerPortal = 0649A54529143390009DF357 /* Project object */;
			proxyType = 1;
			remoteGlobalIDString = 0649A54C29143390009DF357;
			remoteInfo = LearnDebugging;
		};
/* End PBXContainerItemProxy section */

/* Begin PBXFileReference section */
		0649A54D29143390009DF357 /* LearnDebugging.app */ = {isa = PBXFileReference; explicitFileType = wrapper.application; includeInIndex = 0; path = LearnDebugging.app; sourceTree = BUILT_PRODUCTS_DIR; };
		0649A55029143390009DF357 /* LearnDebuggingApp.swift */ = {isa = PBXFileReference; lastKnownFileType = sourcecode.swift; path = LearnDebuggingApp.swift; sourceTree = "<group>"; };
		0649A55229143390009DF357 /* ContentView.swift */ = {isa = PBXFileReference; lastKnownFileType = sourcecode.swift; path = ContentView.swift; sourceTree = "<group>"; };
		0649A55429143392009DF357 /* Assets.xcassets */ = {isa = PBXFileReference; lastKnownFileType = folder.assetcatalog; path = Assets.xcassets; sourceTree = "<group>"; };
		0649A55729143392009DF357 /* Preview Assets.xcassets */ = {isa = PBXFileReference; lastKnownFileType = folder.assetcatalog; path = "Preview Assets.xcassets"; sourceTree = "<group>"; };
		0649A55D29143392009DF357 /* LearnDebuggingTests.xctest */ = {isa = PBXFileReference; explicitFileType = wrapper.cfbundle; includeInIndex = 0; path = LearnDebuggingTests.xctest; sourceTree = BUILT_PRODUCTS_DIR; };
		0649A56129143392009DF357 /* LearnDebuggingTests.swift */ = {isa = PBXFileReference; lastKnownFileType = sourcecode.swift; path = LearnDebuggingTests.swift; sourceTree = "<group>"; };
		0649A56729143392009DF357 /* LearnDebuggingUITests.xctest */ = {isa = PBXFileReference; explicitFileType = wrapper.cfbundle; includeInIndex = 0; path = LearnDebuggingUITests.xctest; sourceTree = BUILT_PRODUCTS_DIR; };
		0649A56B29143392009DF357 /* LearnDebuggingUITests.swift */ = {isa = PBXFileReference; lastKnownFileType = sourcecode.swift; path = LearnDebuggingUITests.swift; sourceTree = "<group>"; };
		0649A56D29143392009DF357 /* LearnDebuggingUITestsLaunchTests.swift */ = {isa = PBXFileReference; lastKnownFileType = sourcecode.swift; path = LearnDebuggingUITestsLaunchTests.swift; sourceTree = "<group>"; };
/* End PBXFileReference section */

/* Begin PBXFrameworksBuildPhase section */
		0649A54A29143390009DF357 /* Frameworks */ = {
			isa = PBXFrameworksBuildPhase;
			buildActionMask = 2147483647;
			files = (
			);
			runOnlyForDeploymentPostprocessing = 0;
		};
		0649A55A29143392009DF357 /* Frameworks */ = {
			isa = PBXFrameworksBuildPhase;
			buildActionMask = 2147483647;
			files = (
			);
			runOnlyForDeploymentPostprocessing = 0;
		};
		0649A56429143392009DF357 /* Frameworks */ = {
			isa = PBXFrameworksBuildPhase;
			buildActionMask = 2147483647;
			files = (
			);
			runOnlyForDeploymentPostprocessing = 0;
		};
/* End PBXFrameworksBuildPhase section */

/* Begin PBXGroup section */
		0649A54429143390009DF357 = {
			isa = PBXGroup;
			children = (
				0649A54F29143390009DF357 /* LearnDebugging */,
				0649A56029143392009DF357 /* LearnDebuggingTests */,
				0649A56A29143392009DF357 /* LearnDebuggingUITests */,
				0649A54E29143390009DF357 /* Products */,
			);
			sourceTree = "<group>";
		};
		0649A54E29143390009DF357 /* Products */ = {
			isa = PBXGroup;
			children = (
				0649A54D29143390009DF357 /* LearnDebugging.app */,
				0649A55D29143392009DF357 /* LearnDebuggingTests.xctest */,
				0649A56729143392009DF357 /* LearnDebuggingUITests.xctest */,
			);
			name = Products;
			sourceTree = "<group>";
		};
		0649A54F29143390009DF357 /* LearnDebugging */ = {
			isa = PBXGroup;
			children = (
				0649A55029143390009DF357 /* LearnDebuggingApp.swift */,
				0649A55229143390009DF357 /* ContentView.swift */,
				0649A55429143392009DF357 /* Assets.xcassets */,
				0649A55629143392009DF357 /* Preview Content */,
			);
			path = LearnDebugging;
			sourceTree = "<group>";
		};
		0649A55629143392009DF357 /* Preview Content */ = {
			isa = PBXGroup;
			children = (
				0649A55729143392009DF357 /* Preview Assets.xcassets */,
			);
			path = "Preview Content";
			sourceTree = "<group>";
		};
		0649A56029143392009DF357 /* LearnDebuggingTests */ = {
			isa = PBXGroup;
			children = (
				0649A56129143392009DF357 /* LearnDebuggingTests.swift */,
			);
			path = LearnDebuggingTests;
			sourceTree = "<group>";
		};
		0649A56A29143392009DF357 /* LearnDebuggingUITests */ = {
			isa = PBXGroup;
			children = (
				0649A56B29143392009DF357 /* LearnDebuggingUITests.swift */,
				0649A56D29143392009DF357 /* LearnDebuggingUITestsLaunchTests.swift */,
			);
			path = LearnDebuggingUITests;
			sourceTree = "<group>";
		};
/* End PBXGroup section */

/* Begin PBXNativeTarget section */
		0649A54C29143390009DF357 /* LearnDebugging */ = {
			isa = PBXNativeTarget;
			buildConfigurationList = 0649A57129143392009DF357 /* Build configuration list for PBXNativeTarget "LearnDebugging" */;
			buildPhases = (
				0649A54929143390009DF357 /* Sources */,
				0649A54A29143390009DF357 /* Frameworks */,
				0649A54B29143390009DF357 /* Resources */,
			);
			buildRules = (
			);
			dependencies = (
			);
			name = LearnDebugging;
			productName = LearnDebugging;
			productReference = 0649A54D29143390009DF357 /* LearnDebugging.app */;
			productType = "com.apple.product-type.application";
		};
		0649A55C29143392009DF357 /* LearnDebuggingTests */ = {
			isa = PBXNativeTarget;
			buildConfigurationList = 0649A57429143392009DF357 /* Build configuration list for PBXNativeTarget "LearnDebuggingTests" */;
			buildPhases = (
				0649A55929143392009DF357 /* Sources */,
				0649A55A29143392009DF357 /* Frameworks */,
				0649A55B29143392009DF357 /* Resources */,
			);
			buildRules = (
			);
			dependencies = (
				0649A55F29143392009DF357 /* PBXTargetDependency */,
			);
			name = LearnDebuggingTests;
			productName = LearnDebuggingTests;
			productReference = 0649A55D29143392009DF357 /* LearnDebuggingTests.xctest */;
			productType = "com.apple.product-type.bundle.unit-test";
		};
		0649A56629143392009DF357 /* LearnDebuggingUITests */ = {
			isa = PBXNativeTarget;
			buildConfigurationList = 0649A57729143392009DF357 /* Build configuration list for PBXNativeTarget "LearnDebuggingUITests" */;
			buildPhases = (
				0649A56329143392009DF357 /* Sources */,
				0649A56429143392009DF357 /* Frameworks */,
				0649A56529143392009DF357 /* Resources */,
			);
			buildRules = (
			);
			dependencies = (
				0649A56929143392009DF357 /* PBXTargetDependency */,
			);
			name = LearnDebuggingUITests;
			productName = LearnDebuggingUITests;
			productReference = 0649A56729143392009DF357 /* LearnDebuggingUITests.xctest */;
			productType = "com.apple.product-type.bundle.ui-testing";
		};
/* End PBXNativeTarget section */

/* Begin PBXProject section */
		0649A54529143390009DF357 /* Project object */ = {
			isa = PBXProject;
			attributes = {
				BuildIndependentTargetsInParallel = 1;
				LastSwiftUpdateCheck = 1410;
				LastUpgradeCheck = 1410;
				TargetAttributes = {
					0649A54C29143390009DF357 = {
						CreatedOnToolsVersion = 14.1;
					};
					0649A55C29143392009DF357 = {
						CreatedOnToolsVersion = 14.1;
						TestTargetID = 0649A54C29143390009DF357;
					};
					0649A56629143392009DF357 = {
						CreatedOnToolsVersion = 14.1;
						TestTargetID = 0649A54C29143390009DF357;
					};
				};
			};
			buildConfigurationList = 0649A54829143390009DF357 /* Build configuration list for PBXProject "LearnDebugging" */;
			compatibilityVersion = "Xcode 14.0";
			developmentRegion = en;
			hasScannedForEncodings = 0;
			knownRegions = (
				en,
				Base,
			);
			mainGroup = 0649A54429143390009DF357;
			productRefGroup = 0649A54E29143390009DF357 /* Products */;
			projectDirPath = "";
			projectRoot = "";
			targets = (
				0649A54C29143390009DF357 /* LearnDebugging */,
				0649A55C29143392009DF357 /* LearnDebuggingTests */,
				0649A56629143392009DF357 /* LearnDebuggingUITests */,
			);
		};
/* End PBXProject section */

/* Begin PBXResourcesBuildPhase section */
		0649A54B29143390009DF357 /* Resources */ = {
			isa = PBXResourcesBuildPhase;
			buildActionMask = 2147483647;
			files = (
				0649A55829143392009DF357 /* Preview Assets.xcassets in Resources */,
				0649A55529143392009DF357 /* Assets.xcassets in Resources */,
			);
			runOnlyForDeploymentPostprocessing = 0;
		};
		0649A55B29143392009DF357 /* Resources */ = {
			isa = PBXResourcesBuildPhase;
			buildActionMask = 2147483647;
			files = (
			);
			runOnlyForDeploymentPostprocessing = 0;
		};
		0649A56529143392009DF357 /* Resources */ = {
			isa = PBXResourcesBuildPhase;
			buildActionMask = 2147483647;
			files = (
			);
			runOnlyForDeploymentPostprocessing = 0;
		};
/* End PBXResourcesBuildPhase section */

/* Begin PBXSourcesBuildPhase section */
		0649A54929143390009DF357 /* Sources */ = {
			isa = PBXSourcesBuildPhase;
			buildActionMask = 2147483647;
			files = (
				0649A55329143390009DF357 /* ContentView.swift in Sources */,
				0649A55129143390009DF357 /* LearnDebuggingApp.swift in Sources */,
			);
			runOnlyForDeploymentPostprocessing = 0;
		};
		0649A55929143392009DF357 /* Sources */ = {
			isa = PBXSourcesBuildPhase;
			buildActionMask = 2147483647;
			files = (
				0649A56229143392009DF357 /* LearnDebuggingTests.swift in Sources */,
			);
			runOnlyForDeploymentPostprocessing = 0;
		};
		0649A56329143392009DF357 /* Sources */ = {
			isa = PBXSourcesBuildPhase;
			buildActionMask = 2147483647;
			files = (
				0649A56E29143392009DF357 /* LearnDebuggingUITestsLaunchTests.swift in Sources */,
				0649A56C29143392009DF357 /* LearnDebuggingUITests.swift in Sources */,
			);
			runOnlyForDeploymentPostprocessing = 0;
		};
/* End PBXSourcesBuildPhase section */

/* Begin PBXTargetDependency section */
		0649A55F29143392009DF357 /* PBXTargetDependency */ = {
			isa = PBXTargetDependency;
			target = 0649A54C29143390009DF357 /* LearnDebugging */;
			targetProxy = 0649A55E29143392009DF357 /* PBXContainerItemProxy */;
		};
		0649A56929143392009DF357 /* PBXTargetDependency */ = {
			isa = PBXTargetDependency;
			target = 0649A54C29143390009DF357 /* LearnDebugging */;
			targetProxy = 0649A56829143392009DF357 /* PBXContainerItemProxy */;
		};
/* End PBXTargetDependency section */

/* Begin XCBuildConfiguration section */
		0649A56F29143392009DF357 /* Debug */ = {
			isa = XCBuildConfiguration;
			buildSettings = {
				ALWAYS_SEARCH_USER_PATHS = NO;
				CLANG_ANALYZER_NONNULL = YES;
				CLANG_ANALYZER_NUMBER_OBJECT_CONVERSION = YES_AGGRESSIVE;
				CLANG_CXX_LANGUAGE_STANDARD = "gnu++20";
				CLANG_ENABLE_MODULES = YES;
				CLANG_ENABLE_OBJC_ARC = YES;
				CLANG_ENABLE_OBJC_WEAK = YES;
				CLANG_WARN_BLOCK_CAPTURE_AUTORELEASING = YES;
				CLANG_WARN_BOOL_CONVERSION = YES;
				CLANG_WARN_COMMA = YES;
				CLANG_WARN_CONSTANT_CONVERSION = YES;
				CLANG_WARN_DEPRECATED_OBJC_IMPLEMENTATIONS = YES;
				CLANG_WARN_DIRECT_OBJC_ISA_USAGE = YES_ERROR;
				CLANG_WARN_DOCUMENTATION_COMMENTS = YES;
				CLANG_WARN_EMPTY_BODY = YES;
				CLANG_WARN_ENUM_CONVERSION = YES;
				CLANG_WARN_INFINITE_RECURSION = YES;
				CLANG_WARN_INT_CONVERSION = YES;
				CLANG_WARN_NON_LITERAL_NULL_CONVERSION = YES;
				CLANG_WARN_OBJC_IMPLICIT_RETAIN_SELF = YES;
				CLANG_WARN_OBJC_LITERAL_CONVERSION = YES;
				CLANG_WARN_OBJC_ROOT_CLASS = YES_ERROR;
				CLANG_WARN_QUOTED_INCLUDE_IN_FRAMEWORK_HEADER = YES;
				CLANG_WARN_RANGE_LOOP_ANALYSIS = YES;
				CLANG_WARN_STRICT_PROTOTYPES = YES;
				CLANG_WARN_SUSPICIOUS_MOVE = YES;
				CLANG_WARN_UNGUARDED_AVAILABILITY = YES_AGGRESSIVE;
				CLANG_WARN_UNREACHABLE_CODE = YES;
				CLANG_WARN__DUPLICATE_METHOD_MATCH = YES;
				COPY_PHASE_STRIP = NO;
				DEBUG_INFORMATION_FORMAT = dwarf;
				ENABLE_STRICT_OBJC_MSGSEND = YES;
				ENABLE_TESTABILITY = YES;
				GCC_C_LANGUAGE_STANDARD = gnu11;
				GCC_DYNAMIC_NO_PIC = NO;
				GCC_NO_COMMON_BLOCKS = YES;
				GCC_OPTIMIZATION_LEVEL = 0;
				GCC_PREPROCESSOR_DEFINITIONS = (
					"DEBUG=1",
					"$(inherited)",
				);
				GCC_WARN_64_TO_32_BIT_CONVERSION = YES;
				GCC_WARN_ABOUT_RETURN_TYPE = YES_ERROR;
				GCC_WARN_UNDECLARED_SELECTOR = YES;
				GCC_WARN_UNINITIALIZED_AUTOS = YES_AGGRESSIVE;
				GCC_WARN_UNUSED_FUNCTION = YES;
				GCC_WARN_UNUSED_VARIABLE = YES;
				IPHONEOS_DEPLOYMENT_TARGET = 16.1;
				MTL_ENABLE_DEBUG_INFO = INCLUDE_SOURCE;
				MTL_FAST_MATH = YES;
				ONLY_ACTIVE_ARCH = YES;
				SDKROOT = iphoneos;
				SWIFT_ACTIVE_COMPILATION_CONDITIONS = DEBUG;
				SWIFT_OPTIMIZATION_LEVEL = "-Onone";
			};
			name = Debug;
		};
		0649A57029143392009DF357 /* Release */ = {
			isa = XCBuildConfiguration;
			buildSettings = {
				ALWAYS_SEARCH_USER_PATHS = NO;
				CLANG_ANALYZER_NONNULL = YES;
				CLANG_ANALYZER_NUMBER_OBJECT_CONVERSION = YES_AGGRESSIVE;
				CLANG_CXX_LANGUAGE_STANDARD = "gnu++20";
				CLANG_ENABLE_MODULES = YES;
				CLANG_ENABLE_OBJC_ARC = YES;
				CLANG_ENABLE_OBJC_WEAK = YES;
				CLANG_WARN_BLOCK_CAPTURE_AUTORELEASING = YES;
				CLANG_WARN_BOOL_CONVERSION = YES;
				CLANG_WARN_COMMA = YES;
				CLANG_WARN_CONSTANT_CONVERSION = YES;
				CLANG_WARN_DEPRECATED_OBJC_IMPLEMENTATIONS = YES;
				CLANG_WARN_DIRECT_OBJC_ISA_USAGE = YES_ERROR;
				CLANG_WARN_DOCUMENTATION_COMMENTS = YES;
				CLANG_WARN_EMPTY_BODY = YES;
				CLANG_WARN_ENUM_CONVERSION = YES;
				CLANG_WARN_INFINITE_RECURSION = YES;
				CLANG_WARN_INT_CONVERSION = YES;
				CLANG_WARN_NON_LITERAL_NULL_CONVERSION = YES;
				CLANG_WARN_OBJC_IMPLICIT_RETAIN_SELF = YES;
				CLANG_WARN_OBJC_LITERAL_CONVERSION = YES;
				CLANG_WARN_OBJC_ROOT_CLASS = YES_ERROR;
				CLANG_WARN_QUOTED_INCLUDE_IN_FRAMEWORK_HEADER = YES;
				CLANG_WARN_RANGE_LOOP_ANALYSIS = YES;
				CLANG_WARN_STRICT_PROTOTYPES = YES;
				CLANG_WARN_SUSPICIOUS_MOVE = YES;
				CLANG_WARN_UNGUARDED_AVAILABILITY = YES_AGGRESSIVE;
				CLANG_WARN_UNREACHABLE_CODE = YES;
				CLANG_WARN__DUPLICATE_METHOD_MATCH = YES;
				COPY_PHASE_STRIP = NO;
				DEBUG_INFORMATION_FORMAT = "dwarf-with-dsym";
				ENABLE_NS_ASSERTIONS = NO;
				ENABLE_STRICT_OBJC_MSGSEND = YES;
				GCC_C_LANGUAGE_STANDARD = gnu11;
				GCC_NO_COMMON_BLOCKS = YES;
				GCC_WARN_64_TO_32_BIT_CONVERSION = YES;
				GCC_WARN_ABOUT_RETURN_TYPE = YES_ERROR;
				GCC_WARN_UNDECLARED_SELECTOR = YES;
				GCC_WARN_UNINITIALIZED_AUTOS = YES_AGGRESSIVE;
				GCC_WARN_UNUSED_FUNCTION = YES;
				GCC_WARN_UNUSED_VARIABLE = YES;
				IPHONEOS_DEPLOYMENT_TARGET = 16.1;
				MTL_ENABLE_DEBUG_INFO = NO;
				MTL_FAST_MATH = YES;
				SDKROOT = iphoneos;
				SWIFT_COMPILATION_MODE = wholemodule;
				SWIFT_OPTIMIZATION_LEVEL = "-O";
				VALIDATE_PRODUCT = YES;
			};
			name = Release;
		};
		0649A57229143392009DF357 /* Debug */ = {
			isa = XCBuildConfiguration;
			buildSettings = {
				ASSETCATALOG_COMPILER_APPICON_NAME = AppIcon;
				ASSETCATALOG_COMPILER_GLOBAL_ACCENT_COLOR_NAME = AccentColor;
				CODE_SIGN_STYLE = Automatic;
				CURRENT_PROJECT_VERSION = 1;
				DEVELOPMENT_ASSET_PATHS = "\"LearnDebugging/Preview Content\"";
				DEVELOPMENT_TEAM = 526YR6WHWC;
				ENABLE_PREVIEWS = YES;
				GENERATE_INFOPLIST_FILE = YES;
				INFOPLIST_KEY_UIApplicationSceneManifest_Generation = YES;
				INFOPLIST_KEY_UIApplicationSupportsIndirectInputEvents = YES;
				INFOPLIST_KEY_UILaunchScreen_Generation = YES;
				INFOPLIST_KEY_UISupportedInterfaceOrientations_iPad = "UIInterfaceOrientationPortrait UIInterfaceOrientationPortraitUpsideDown UIInterfaceOrientationLandscapeLeft UIInterfaceOrientationLandscapeRight";
				INFOPLIST_KEY_UISupportedInterfaceOrientations_iPhone = "UIInterfaceOrientationPortrait UIInterfaceOrientationLandscapeLeft UIInterfaceOrientationLandscapeRight";
				LD_RUNPATH_SEARCH_PATHS = (
					"$(inherited)",
					"@executable_path/Frameworks",
				);
				MARKETING_VERSION = 1.0;
				PRODUCT_BUNDLE_IDENTIFIER = com.sharkberry.LearnDebugging;
				PRODUCT_NAME = "$(TARGET_NAME)";
				SWIFT_EMIT_LOC_STRINGS = YES;
				SWIFT_VERSION = 5.0;
				TARGETED_DEVICE_FAMILY = "1,2";
			};
			name = Debug;
		};
		0649A57329143392009DF357 /* Release */ = {
			isa = XCBuildConfiguration;
			buildSettings = {
				ASSETCATALOG_COMPILER_APPICON_NAME = AppIcon;
				ASSETCATALOG_COMPILER_GLOBAL_ACCENT_COLOR_NAME = AccentColor;
				CODE_SIGN_STYLE = Automatic;
				CURRENT_PROJECT_VERSION = 1;
				DEVELOPMENT_ASSET_PATHS = "\"LearnDebugging/Preview Content\"";
				DEVELOPMENT_TEAM = 526YR6WHWC;
				ENABLE_PREVIEWS = YES;
				GENERATE_INFOPLIST_FILE = YES;
				INFOPLIST_KEY_UIApplicationSceneManifest_Generation = YES;
				INFOPLIST_KEY_UIApplicationSupportsIndirectInputEvents = YES;
				INFOPLIST_KEY_UILaunchScreen_Generation = YES;
				INFOPLIST_KEY_UISupportedInterfaceOrientations_iPad = "UIInterfaceOrientationPortrait UIInterfaceOrientationPortraitUpsideDown UIInterfaceOrientationLandscapeLeft UIInterfaceOrientationLandscapeRight";
				INFOPLIST_KEY_UISupportedInterfaceOrientations_iPhone = "UIInterfaceOrientationPortrait UIInterfaceOrientationLandscapeLeft UIInterfaceOrientationLandscapeRight";
				LD_RUNPATH_SEARCH_PATHS = (
					"$(inherited)",
					"@executable_path/Frameworks",
				);
				MARKETING_VERSION = 1.0;
				PRODUCT_BUNDLE_IDENTIFIER = com.sharkberry.LearnDebugging;
				PRODUCT_NAME = "$(TARGET_NAME)";
				SWIFT_EMIT_LOC_STRINGS = YES;
				SWIFT_VERSION = 5.0;
				TARGETED_DEVICE_FAMILY = "1,2";
			};
			name = Release;
		};
		0649A57529143392009DF357 /* Debug */ = {
			isa = XCBuildConfiguration;
			buildSettings = {
				ALWAYS_EMBED_SWIFT_STANDARD_LIBRARIES = YES;
				BUNDLE_LOADER = "$(TEST_HOST)";
				CODE_SIGN_STYLE = Automatic;
				CURRENT_PROJECT_VERSION = 1;
				DEVELOPMENT_TEAM = 526YR6WHWC;
				GENERATE_INFOPLIST_FILE = YES;
				IPHONEOS_DEPLOYMENT_TARGET = 16.1;
				MARKETING_VERSION = 1.0;
				PRODUCT_BUNDLE_IDENTIFIER = com.sharkberry.LearnDebuggingTests;
				PRODUCT_NAME = "$(TARGET_NAME)";
				SWIFT_EMIT_LOC_STRINGS = NO;
				SWIFT_VERSION = 5.0;
				TARGETED_DEVICE_FAMILY = "1,2";
				TEST_HOST = "$(BUILT_PRODUCTS_DIR)/LearnDebugging.app/$(BUNDLE_EXECUTABLE_FOLDER_PATH)/LearnDebugging";
			};
			name = Debug;
		};
		0649A57629143392009DF357 /* Release */ = {
			isa = XCBuildConfiguration;
			buildSettings = {
				ALWAYS_EMBED_SWIFT_STANDARD_LIBRARIES = YES;
				BUNDLE_LOADER = "$(TEST_HOST)";
				CODE_SIGN_STYLE = Automatic;
				CURRENT_PROJECT_VERSION = 1;
				DEVELOPMENT_TEAM = 526YR6WHWC;
				GENERATE_INFOPLIST_FILE = YES;
				IPHONEOS_DEPLOYMENT_TARGET = 16.1;
				MARKETING_VERSION = 1.0;
				PRODUCT_BUNDLE_IDENTIFIER = com.sharkberry.LearnDebuggingTests;
				PRODUCT_NAME = "$(TARGET_NAME)";
				SWIFT_EMIT_LOC_STRINGS = NO;
				SWIFT_VERSION = 5.0;
				TARGETED_DEVICE_FAMILY = "1,2";
				TEST_HOST = "$(BUILT_PRODUCTS_DIR)/LearnDebugging.app/$(BUNDLE_EXECUTABLE_FOLDER_PATH)/LearnDebugging";
			};
			name = Release;
		};
		0649A57829143392009DF357 /* Debug */ = {
			isa = XCBuildConfiguration;
			buildSettings = {
				ALWAYS_EMBED_SWIFT_STANDARD_LIBRARIES = YES;
				CODE_SIGN_STYLE = Automatic;
				CURRENT_PROJECT_VERSION = 1;
				DEVELOPMENT_TEAM = 526YR6WHWC;
				GENERATE_INFOPLIST_FILE = YES;
				MARKETING_VERSION = 1.0;
				PRODUCT_BUNDLE_IDENTIFIER = com.sharkberry.LearnDebuggingUITests;
				PRODUCT_NAME = "$(TARGET_NAME)";
				SWIFT_EMIT_LOC_STRINGS = NO;
				SWIFT_VERSION = 5.0;
				TARGETED_DEVICE_FAMILY = "1,2";
				TEST_TARGET_NAME = LearnDebugging;
			};
			name = Debug;
		};
		0649A57929143392009DF357 /* Release */ = {
			isa = XCBuildConfiguration;
			buildSettings = {
				ALWAYS_EMBED_SWIFT_STANDARD_LIBRARIES = YES;
				CODE_SIGN_STYLE = Automatic;
				CURRENT_PROJECT_VERSION = 1;
				DEVELOPMENT_TEAM = 526YR6WHWC;
				GENERATE_INFOPLIST_FILE = YES;
				MARKETING_VERSION = 1.0;
				PRODUCT_BUNDLE_IDENTIFIER = com.sharkberry.LearnDebuggingUITests;
				PRODUCT_NAME = "$(TARGET_NAME)";
				SWIFT_EMIT_LOC_STRINGS = NO;
				SWIFT_VERSION = 5.0;
				TARGETED_DEVICE_FAMILY = "1,2";
				TEST_TARGET_NAME = LearnDebugging;
			};
			name = Release;
		};
/* End XCBuildConfiguration section */

/* Begin XCConfigurationList section */
		0649A54829143390009DF357 /* Build configuration list for PBXProject "LearnDebugging" */ = {
			isa = XCConfigurationList;
			buildConfigurations = (
				0649A56F29143392009DF357 /* Debug */,
				0649A57029143392009DF357 /* Release */,
			);
			defaultConfigurationIsVisible = 0;
			defaultConfigurationName = Release;
		};
		0649A57129143392009DF357 /* Build configuration list for PBXNativeTarget "LearnDebugging" */ = {
			isa = XCConfigurationList;
			buildConfigurations = (
				0649A57229143392009DF357 /* Debug */,
				0649A57329143392009DF357 /* Release */,
			);
			defaultConfigurationIsVisible = 0;
			defaultConfigurationName = Release;
		};
		0649A57429143392009DF357 /* Build configuration list for PBXNativeTarget "LearnDebuggingTests" */ = {
			isa = XCConfigurationList;
			buildConfigurations = (
				0649A57529143392009DF357 /* Debug */,
				0649A57629143392009DF357 /* Release */,
			);
			defaultConfigurationIsVisible = 0;
			defaultConfigurationName = Release;
		};
		0649A57729143392009DF357 /* Build configuration list for PBXNativeTarget "LearnDebuggingUITests" */ = {
			isa = XCConfigurationList;
			buildConfigurations = (
				0649A57829143392009DF357 /* Debug */,
				0649A57929143392009DF357 /* Release */,
			);
			defaultConfigurationIsVisible = 0;
			defaultConfigurationName = Release;
		};
/* End XCConfigurationList section */
	};
	rootObject = 0649A54529143390009DF357 /* Project object */;
}
